
Microsoft Visual Studio Solution File, Format Version 12.00
# Visual Studio Version 16
VisualStudioVersion = 16.0.32413.511
MinimumVisualStudioVersion = 10.0.40219.1
Project("{FAE04EC0-301F-11D3-BF4B-00C04F79EFBC}") = "eMovie", "eMovie\eMovie.csproj", "{56B92AA6-9674-4E09-89B3-657062B42D65}"
EndProject
Global
	GlobalSection(SolutionConfigurationPlatforms) = preSolution
		Debug|Any CPU = Debug|Any CPU
		Release|Any CPU = Release|Any CPU
	EndGlobalSection
	GlobalSection(ProjectConfigurationPlatforms) = postSolution
		{56B92AA6-9674-4E09-89B3-657062B42D65}.Debug|Any CPU.ActiveCfg = Debug|Any CPU
		{56B92AA6-9674-4E09-89B3-657062B42D65}.Debug|Any CPU.Build.0 = Debug|Any CPU
		{56B92AA6-9674-4E09-89B3-657062B42D65}.Release|Any CPU.ActiveCfg = Release|Any CPU
		{56B92AA6-9674-4E09-89B3-657062B42D65}.Release|Any CPU.Build.0 = Release|Any CPU
	EndGlobalSection
	GlobalSection(SolutionProperties) = preSolution
		HideSolutionNode = FALSE
	EndGlobalSection
	GlobalSection(ExtensibilityGlobals) = postSolution
		SolutionGuid = {C226310B-5F98-4773-A211-F4238AC19B24}
	EndGlobalSection
EndGlobal
